{
  "name": "myPortfolio_tsx",
  "lockfileVersion": 2,
  "requires": true,
  "packages": {
    "": {
      "dependencies": {
        "@fontsource/fredoka-one": "^4.5.8"
      }
    },
    "node_modules/@fontsource/fredoka-one": {
      "version": "4.5.8",
      "resolved": "https://registry.npmjs.org/@fontsource/fredoka-one/-/fredoka-one-4.5.8.tgz",
      "integrity": "sha512-HzmkLFOeJOgKg71Ggp1dTORNuVUGPlpSwBPpKCbDGDkVl2qc9FyhNblyHcrYrqIUAhQsWHNudjQXVfAeO3Fg1A=="
    }
  },
  "dependencies": {
    "@fontsource/fredoka-one": {
      "version": "4.5.8",
      "resolved": "https://registry.npmjs.org/@fontsource/fredoka-one/-/fredoka-one-4.5.8.tgz",
      "integrity": "sha512-HzmkLFOeJOgKg71Ggp1dTORNuVUGPlpSwBPpKCbDGDkVl2qc9FyhNblyHcrYrqIUAhQsWHNudjQXVfAeO3Fg1A=="
    }
  }
}
